
Microsoft Visual Studio Solution File, Format Version 12.00
# Visual Studio Version 17
VisualStudioVersion = 17.1.32319.34
MinimumVisualStudioVersion = 10.0.40219.1
Project("{FAE04EC0-301F-11D3-BF4B-00C04F79EFBC}") = "CSSDemo.Android", "CSSDemo\CSSDemo.Android\CSSDemo.Android.csproj", "{AE38AD05-0072-423D-AE08-2A7B104106DA}"
EndProject
Project("{FAE04EC0-301F-11D3-BF4B-00C04F79EFBC}") = "CSSDemo", "CSSDemo\CSSDemo\CSSDemo.csproj", "{1A6CD9C0-0DFA-40E9-9077-1E9F868F8E38}"
EndProject
Global
	GlobalSection(SolutionConfigurationPlatforms) = preSolution
		Debug|Any CPU = Debug|Any CPU
		Release|Any CPU = Release|Any CPU
	EndGlobalSection
	GlobalSection(ProjectConfigurationPlatforms) = postSolution
		{AE38AD05-0072-423D-AE08-2A7B104106DA}.Debug|Any CPU.ActiveCfg = Debug|Any CPU
		{AE38AD05-0072-423D-AE08-2A7B104106DA}.Debug|Any CPU.Build.0 = Debug|Any CPU
		{AE38AD05-0072-423D-AE08-2A7B104106DA}.Debug|Any CPU.Deploy.0 = Debug|Any CPU
		{AE38AD05-0072-423D-AE08-2A7B104106DA}.Release|Any CPU.ActiveCfg = Release|Any CPU
		{AE38AD05-0072-423D-AE08-2A7B104106DA}.Release|Any CPU.Build.0 = Release|Any CPU
		{AE38AD05-0072-423D-AE08-2A7B104106DA}.Release|Any CPU.Deploy.0 = Release|Any CPU
		{1A6CD9C0-0DFA-40E9-9077-1E9F868F8E38}.Debug|Any CPU.ActiveCfg = Debug|Any CPU
		{1A6CD9C0-0DFA-40E9-9077-1E9F868F8E38}.Debug|Any CPU.Build.0 = Debug|Any CPU
		{1A6CD9C0-0DFA-40E9-9077-1E9F868F8E38}.Debug|Any CPU.Deploy.0 = Debug|Any CPU
		{1A6CD9C0-0DFA-40E9-9077-1E9F868F8E38}.Release|Any CPU.ActiveCfg = Release|Any CPU
		{1A6CD9C0-0DFA-40E9-9077-1E9F868F8E38}.Release|Any CPU.Build.0 = Release|Any CPU
		{1A6CD9C0-0DFA-40E9-9077-1E9F868F8E38}.Release|Any CPU.Deploy.0 = Release|Any CPU
	EndGlobalSection
	GlobalSection(SolutionProperties) = preSolution
		HideSolutionNode = FALSE
	EndGlobalSection
	GlobalSection(ExtensibilityGlobals) = postSolution
		SolutionGuid = {915CB27F-9041-430E-90C9-3B7ADB1D6D78}
	EndGlobalSection
EndGlobal
